
Microsoft Visual Studio Solution File, Format Version 12.00
# Visual Studio Version 17
VisualStudioVersion = 17.13.35931.197
MinimumVisualStudioVersion = 10.0.40219.1
Project("{FAE04EC0-301F-11D3-BF4B-00C04F79EFBC}") = "Burgos_Zuñiga", "BurgosWeb\Burgos_Zuñiga.csproj", "{44FB3632-D20E-4BD7-8A50-CCE6BC95E574}"
EndProject
Global
	GlobalSection(SolutionConfigurationPlatforms) = preSolution
		Debug|Any CPU = Debug|Any CPU
		Release|Any CPU = Release|Any CPU
	EndGlobalSection
	GlobalSection(ProjectConfigurationPlatforms) = postSolution
		{44FB3632-D20E-4BD7-8A50-CCE6BC95E574}.Debug|Any CPU.ActiveCfg = Debug|Any CPU
		{44FB3632-D20E-4BD7-8A50-CCE6BC95E574}.Debug|Any CPU.Build.0 = Debug|Any CPU
		{44FB3632-D20E-4BD7-8A50-CCE6BC95E574}.Release|Any CPU.ActiveCfg = Release|Any CPU
		{44FB3632-D20E-4BD7-8A50-CCE6BC95E574}.Release|Any CPU.Build.0 = Release|Any CPU
	EndGlobalSection
	GlobalSection(SolutionProperties) = preSolution
		HideSolutionNode = FALSE
	EndGlobalSection
	GlobalSection(ExtensibilityGlobals) = postSolution
		SolutionGuid = {50DA5EB8-1FE8-4815-8B10-B73C7648329F}
	EndGlobalSection
EndGlobal
